// !$*UTF8*$!
{
	archiveVersion = 1;
	classes = {
	};
	objectVersion = 56;
	objects = {

/* Begin PBXBuildFile section */
		042604DB2BEB90FD003A20CE /* LocEventApp.swift in Sources */ = {isa = PBXBuildFile; fileRef = 042604DA2BEB90FD003A20CE /* LocEventApp.swift */; };
		042604DD2BEB90FD003A20CE /* ContentView.swift in Sources */ = {isa = PBXBuildFile; fileRef = 042604DC2BEB90FD003A20CE /* ContentView.swift */; };
		042604DF2BEB90FE003A20CE /* Assets.xcassets in Resources */ = {isa = PBXBuildFile; fileRef = 042604DE2BEB90FE003A20CE /* Assets.xcassets */; };
		042604E22BEB90FE003A20CE /* Preview Assets.xcassets in Resources */ = {isa = PBXBuildFile; fileRef = 042604E12BEB90FE003A20CE /* Preview Assets.xcassets */; };
		042604EC2BEB90FF003A20CE /* LocEventTests.swift in Sources */ = {isa = PBXBuildFile; fileRef = 042604EB2BEB90FF003A20CE /* LocEventTests.swift */; };
		042604F62BEB90FF003A20CE /* LocEventUITests.swift in Sources */ = {isa = PBXBuildFile; fileRef = 042604F52BEB90FF003A20CE /* LocEventUITests.swift */; };
		042604F82BEB90FF003A20CE /* LocEventUITestsLaunchTests.swift in Sources */ = {isa = PBXBuildFile; fileRef = 042604F72BEB90FF003A20CE /* LocEventUITestsLaunchTests.swift */; };
		042605122BEB9371003A20CE /* ExploreEvent.swift in Sources */ = {isa = PBXBuildFile; fileRef = 042605112BEB9371003A20CE /* ExploreEvent.swift */; };
		042605142BEDA4AE003A20CE /* ListingItemView.swift in Sources */ = {isa = PBXBuildFile; fileRef = 042605132BEDA4AE003A20CE /* ListingItemView.swift */; };
		042605162BEE36E7003A20CE /* SearchAndFilterBar.swift in Sources */ = {isa = PBXBuildFile; fileRef = 042605152BEE36E7003A20CE /* SearchAndFilterBar.swift */; };
		04771F332BF0D2F80037466D /* AboutView.swift in Sources */ = {isa = PBXBuildFile; fileRef = 04771F322BF0D2F80037466D /* AboutView.swift */; };
		04771F372BF0DCCB0037466D /* WhistlistView.swift in Sources */ = {isa = PBXBuildFile; fileRef = 04771F362BF0DCCB0037466D /* WhistlistView.swift */; };
		04771F392BF0E03A0037466D /* MainTabView.swift in Sources */ = {isa = PBXBuildFile; fileRef = 04771F382BF0E03A0037466D /* MainTabView.swift */; };
		04771F3D2BF0E4D30037466D /* Listing.swift in Sources */ = {isa = PBXBuildFile; fileRef = 04771F3C2BF0E4D30037466D /* Listing.swift */; };
		04771F3F2BF0E94C0037466D /* DeveloperPreview.swift in Sources */ = {isa = PBXBuildFile; fileRef = 04771F3E2BF0E94C0037466D /* DeveloperPreview.swift */; };
		04771F412BF1A2CB0037466D /* datePickerView.swift in Sources */ = {isa = PBXBuildFile; fileRef = 04771F402BF1A2CB0037466D /* datePickerView.swift */; };
		04771F492BF1AC110037466D /* Profil.swift in Sources */ = {isa = PBXBuildFile; fileRef = 04771F482BF1AC110037466D /* Profil.swift */; };
		04771F4B2BF1BD970037466D /* ProfileOptionRowView.swift in Sources */ = {isa = PBXBuildFile; fileRef = 04771F4A2BF1BD970037466D /* ProfileOptionRowView.swift */; };
		04771F4E2BF1D0BB0037466D /* EditProfile.swift in Sources */ = {isa = PBXBuildFile; fileRef = 04771F4D2BF1D0BB0037466D /* EditProfile.swift */; };
		047F98DC2BEF1B5B006C5844 /* ListingDetailView.swift in Sources */ = {isa = PBXBuildFile; fileRef = 047F98DB2BEF1B5B006C5844 /* ListingDetailView.swift */; };
		047F98DE2BEF1D26006C5844 /* ListingImageCarouselView.swift in Sources */ = {isa = PBXBuildFile; fileRef = 047F98DD2BEF1D26006C5844 /* ListingImageCarouselView.swift */; };
		047F98E12BEF5EDE006C5844 /* DestinationSearchView.swift in Sources */ = {isa = PBXBuildFile; fileRef = 047F98E02BEF5EDE006C5844 /* DestinationSearchView.swift */; };
		048391EF2BEF145900D5E77A /* Title.swift in Sources */ = {isa = PBXBuildFile; fileRef = 048391EE2BEF145900D5E77A /* Title.swift */; };
/* End PBXBuildFile section */

/* Begin PBXContainerItemProxy section */
		042604E82BEB90FF003A20CE /* PBXContainerItemProxy */ = {
			isa = PBXContainerItemProxy;
			containerPortal = 042604CF2BEB90FD003A20CE /* Project object */;
			proxyType = 1;
			remoteGlobalIDString = 042604D62BEB90FD003A20CE;
			remoteInfo = LocEvent;
		};
		042604F22BEB90FF003A20CE /* PBXContainerItemProxy */ = {
			isa = PBXContainerItemProxy;
			containerPortal = 042604CF2BEB90FD003A20CE /* Project object */;
			proxyType = 1;
			remoteGlobalIDString = 042604D62BEB90FD003A20CE;
			remoteInfo = LocEvent;
		};
/* End PBXContainerItemProxy section */

/* Begin PBXFileReference section */
		042604D72BEB90FD003A20CE /* LocEvent.app */ = {isa = PBXFileReference; explicitFileType = wrapper.application; includeInIndex = 0; path = LocEvent.app; sourceTree = BUILT_PRODUCTS_DIR; };
		042604DA2BEB90FD003A20CE /* LocEventApp.swift */ = {isa = PBXFileReference; lastKnownFileType = sourcecode.swift; path = LocEventApp.swift; sourceTree = "<group>"; };
		042604DC2BEB90FD003A20CE /* ContentView.swift */ = {isa = PBXFileReference; lastKnownFileType = sourcecode.swift; path = ContentView.swift; sourceTree = "<group>"; };
		042604DE2BEB90FE003A20CE /* Assets.xcassets */ = {isa = PBXFileReference; lastKnownFileType = folder.assetcatalog; path = Assets.xcassets; sourceTree = "<group>"; };
		042604E12BEB90FE003A20CE /* Preview Assets.xcassets */ = {isa = PBXFileReference; lastKnownFileType = folder.assetcatalog; path = "Preview Assets.xcassets"; sourceTree = "<group>"; };
		042604E72BEB90FF003A20CE /* LocEventTests.xctest */ = {isa = PBXFileReference; explicitFileType = wrapper.cfbundle; includeInIndex = 0; path = LocEventTests.xctest; sourceTree = BUILT_PRODUCTS_DIR; };
		042604EB2BEB90FF003A20CE /* LocEventTests.swift */ = {isa = PBXFileReference; lastKnownFileType = sourcecode.swift; path = LocEventTests.swift; sourceTree = "<group>"; };
		042604F12BEB90FF003A20CE /* LocEventUITests.xctest */ = {isa = PBXFileReference; explicitFileType = wrapper.cfbundle; includeInIndex = 0; path = LocEventUITests.xctest; sourceTree = BUILT_PRODUCTS_DIR; };
		042604F52BEB90FF003A20CE /* LocEventUITests.swift */ = {isa = PBXFileReference; lastKnownFileType = sourcecode.swift; path = LocEventUITests.swift; sourceTree = "<group>"; };
		042604F72BEB90FF003A20CE /* LocEventUITestsLaunchTests.swift */ = {isa = PBXFileReference; lastKnownFileType = sourcecode.swift; path = LocEventUITestsLaunchTests.swift; sourceTree = "<group>"; };
		042605112BEB9371003A20CE /* ExploreEvent.swift */ = {isa = PBXFileReference; lastKnownFileType = sourcecode.swift; path = ExploreEvent.swift; sourceTree = "<group>"; };
		042605132BEDA4AE003A20CE /* ListingItemView.swift */ = {isa = PBXFileReference; lastKnownFileType = sourcecode.swift; path = ListingItemView.swift; sourceTree = "<group>"; };
		042605152BEE36E7003A20CE /* SearchAndFilterBar.swift */ = {isa = PBXFileReference; lastKnownFileType = sourcecode.swift; path = SearchAndFilterBar.swift; sourceTree = "<group>"; };
		04771F322BF0D2F80037466D /* AboutView.swift */ = {isa = PBXFileReference; lastKnownFileType = sourcecode.swift; path = AboutView.swift; sourceTree = "<group>"; };
		04771F362BF0DCCB0037466D /* WhistlistView.swift */ = {isa = PBXFileReference; lastKnownFileType = sourcecode.swift; path = WhistlistView.swift; sourceTree = "<group>"; };
		04771F382BF0E03A0037466D /* MainTabView.swift */ = {isa = PBXFileReference; lastKnownFileType = sourcecode.swift; path = MainTabView.swift; sourceTree = "<group>"; };
		04771F3C2BF0E4D30037466D /* Listing.swift */ = {isa = PBXFileReference; lastKnownFileType = sourcecode.swift; path = Listing.swift; sourceTree = "<group>"; };
		04771F3E2BF0E94C0037466D /* DeveloperPreview.swift */ = {isa = PBXFileReference; lastKnownFileType = sourcecode.swift; path = DeveloperPreview.swift; sourceTree = "<group>"; };
		04771F402BF1A2CB0037466D /* datePickerView.swift */ = {isa = PBXFileReference; lastKnownFileType = sourcecode.swift; path = datePickerView.swift; sourceTree = "<group>"; };
		04771F482BF1AC110037466D /* Profil.swift */ = {isa = PBXFileReference; lastKnownFileType = sourcecode.swift; path = Profil.swift; sourceTree = "<group>"; };
		04771F4A2BF1BD970037466D /* ProfileOptionRowView.swift */ = {isa = PBXFileReference; lastKnownFileType = sourcecode.swift; path = ProfileOptionRowView.swift; sourceTree = "<group>"; };
		04771F4D2BF1D0BB0037466D /* EditProfile.swift */ = {isa = PBXFileReference; lastKnownFileType = sourcecode.swift; path = EditProfile.swift; sourceTree = "<group>"; };
		047F98DB2BEF1B5B006C5844 /* ListingDetailView.swift */ = {isa = PBXFileReference; lastKnownFileType = sourcecode.swift; path = ListingDetailView.swift; sourceTree = "<group>"; };
		047F98DD2BEF1D26006C5844 /* ListingImageCarouselView.swift */ = {isa = PBXFileReference; lastKnownFileType = sourcecode.swift; path = ListingImageCarouselView.swift; sourceTree = "<group>"; };
		047F98E02BEF5EDE006C5844 /* DestinationSearchView.swift */ = {isa = PBXFileReference; lastKnownFileType = sourcecode.swift; path = DestinationSearchView.swift; sourceTree = "<group>"; };
		048391EE2BEF145900D5E77A /* Title.swift */ = {isa = PBXFileReference; lastKnownFileType = sourcecode.swift; path = Title.swift; sourceTree = "<group>"; };
/* End PBXFileReference section */

/* Begin PBXFrameworksBuildPhase section */
		042604D42BEB90FD003A20CE /* Frameworks */ = {
			isa = PBXFrameworksBuildPhase;
			buildActionMask = 2147483647;
			files = (
			);
			runOnlyForDeploymentPostprocessing = 0;
		};
		042604E42BEB90FF003A20CE /* Frameworks */ = {
			isa = PBXFrameworksBuildPhase;
			buildActionMask = 2147483647;
			files = (
			);
			runOnlyForDeploymentPostprocessing = 0;
		};
		042604EE2BEB90FF003A20CE /* Frameworks */ = {
			isa = PBXFrameworksBuildPhase;
			buildActionMask = 2147483647;
			files = (
			);
			runOnlyForDeploymentPostprocessing = 0;
		};
/* End PBXFrameworksBuildPhase section */

/* Begin PBXGroup section */
		042604CE2BEB90FD003A20CE = {
			isa = PBXGroup;
			children = (
				042604D92BEB90FD003A20CE /* LocEvent */,
				042604EA2BEB90FF003A20CE /* LocEventTests */,
				042604F42BEB90FF003A20CE /* LocEventUITests */,
				042604D82BEB90FD003A20CE /* Products */,
			);
			sourceTree = "<group>";
		};
		042604D82BEB90FD003A20CE /* Products */ = {
			isa = PBXGroup;
			children = (
				042604D72BEB90FD003A20CE /* LocEvent.app */,
				042604E72BEB90FF003A20CE /* LocEventTests.xctest */,
				042604F12BEB90FF003A20CE /* LocEventUITests.xctest */,
			);
			name = Products;
			sourceTree = "<group>";
		};
		042604D92BEB90FD003A20CE /* LocEvent */ = {
			isa = PBXGroup;
			children = (
				042605072BEB915F003A20CE /* App */,
				042605062BEB9155003A20CE /* View */,
				042605042BEB9110003A20CE /* Extension */,
				042605082BEB91A3003A20CE /* Models */,
				042605092BEB91BA003A20CE /* Utils */,
				042604DC2BEB90FD003A20CE /* ContentView.swift */,
				042604DE2BEB90FE003A20CE /* Assets.xcassets */,
				042604E02BEB90FE003A20CE /* Preview Content */,
			);
			path = LocEvent;
			sourceTree = "<group>";
		};
		042604E02BEB90FE003A20CE /* Preview Content */ = {
			isa = PBXGroup;
			children = (
				042604E12BEB90FE003A20CE /* Preview Assets.xcassets */,
			);
			path = "Preview Content";
			sourceTree = "<group>";
		};
		042604EA2BEB90FF003A20CE /* LocEventTests */ = {
			isa = PBXGroup;
			children = (
				042604EB2BEB90FF003A20CE /* LocEventTests.swift */,
			);
			path = LocEventTests;
			sourceTree = "<group>";
		};
		042604F42BEB90FF003A20CE /* LocEventUITests */ = {
			isa = PBXGroup;
			children = (
				042604F52BEB90FF003A20CE /* LocEventUITests.swift */,
				042604F72BEB90FF003A20CE /* LocEventUITestsLaunchTests.swift */,
			);
			path = LocEventUITests;
			sourceTree = "<group>";
		};
		042605042BEB9110003A20CE /* Extension */ = {
			isa = PBXGroup;
			children = (
				04771F3E2BF0E94C0037466D /* DeveloperPreview.swift */,
			);
			path = Extension;
			sourceTree = "<group>";
		};
		042605062BEB9155003A20CE /* View */ = {
			isa = PBXGroup;
			children = (
				04771F472BF1ABFE0037466D /* Profil */,
				047F98DF2BEF1D35006C5844 /* Components */,
				0426050C2BEB9281003A20CE /* Event */,
				0426050B2BEB926F003A20CE /* Listings */,
				0426050A2BEB9235003A20CE /* MapView */,
				042605102BEB92D8003A20CE /* Root */,
				0426050F2BEB92C8003A20CE /* TabBar */,
				0426050E2BEB92A5003A20CE /* Wishlists */,
			);
			path = View;
			sourceTree = "<group>";
		};
		042605072BEB915F003A20CE /* App */ = {
			isa = PBXGroup;
			children = (
				042604DA2BEB90FD003A20CE /* LocEventApp.swift */,
			);
			path = App;
			sourceTree = "<group>";
		};
		042605082BEB91A3003A20CE /* Models */ = {
			isa = PBXGroup;
			children = (
			);
			path = Models;
			sourceTree = "<group>";
		};
		042605092BEB91BA003A20CE /* Utils */ = {
			isa = PBXGroup;
			children = (
			);
			path = Utils;
			sourceTree = "<group>";
		};
		0426050A2BEB9235003A20CE /* MapView */ = {
			isa = PBXGroup;
			children = (
			);
			path = MapView;
			sourceTree = "<group>";
		};
		0426050B2BEB926F003A20CE /* Listings */ = {
			isa = PBXGroup;
			children = (
				04771F3B2BF0E4890037466D /* Modal */,
				04771F3A2BF0E4850037466D /* View */,
			);
			path = Listings;
			sourceTree = "<group>";
		};
		0426050C2BEB9281003A20CE /* Event */ = {
			isa = PBXGroup;
			children = (
				042605112BEB9371003A20CE /* ExploreEvent.swift */,
				042605152BEE36E7003A20CE /* SearchAndFilterBar.swift */,
				048391EE2BEF145900D5E77A /* Title.swift */,
				047F98E02BEF5EDE006C5844 /* DestinationSearchView.swift */,
			);
			path = Event;
			sourceTree = "<group>";
		};
		0426050D2BEB928E003A20CE /* About */ = {
			isa = PBXGroup;
			children = (
				04771F322BF0D2F80037466D /* AboutView.swift */,
				04771F4A2BF1BD970037466D /* ProfileOptionRowView.swift */,
			);
			path = About;
			sourceTree = "<group>";
		};
		0426050E2BEB92A5003A20CE /* Wishlists */ = {
			isa = PBXGroup;
			children = (
				04771F362BF0DCCB0037466D /* WhistlistView.swift */,
			);
			path = Wishlists;
			sourceTree = "<group>";
		};
		0426050F2BEB92C8003A20CE /* TabBar */ = {
			isa = PBXGroup;
			children = (
				04771F382BF0E03A0037466D /* MainTabView.swift */,
			);
			path = TabBar;
			sourceTree = "<group>";
		};
		042605102BEB92D8003A20CE /* Root */ = {
			isa = PBXGroup;
			children = (
			);
			path = Root;
			sourceTree = "<group>";
		};
		04771F3A2BF0E4850037466D /* View */ = {
			isa = PBXGroup;
			children = (
				042605132BEDA4AE003A20CE /* ListingItemView.swift */,
				047F98DB2BEF1B5B006C5844 /* ListingDetailView.swift */,
				04771F402BF1A2CB0037466D /* datePickerView.swift */,
			);
			path = View;
			sourceTree = "<group>";
		};
		04771F3B2BF0E4890037466D /* Modal */ = {
			isa = PBXGroup;
			children = (
				04771F3C2BF0E4D30037466D /* Listing.swift */,
			);
			path = Modal;
			sourceTree = "<group>";
		};
		04771F472BF1ABFE0037466D /* Profil */ = {
			isa = PBXGroup;
			children = (
				04771F4C2BF1D0A80037466D /* EditProfile */,
				0426050D2BEB928E003A20CE /* About */,
				04771F482BF1AC110037466D /* Profil.swift */,
			);
			path = Profil;
			sourceTree = "<group>";
		};
		04771F4C2BF1D0A80037466D /* EditProfile */ = {
			isa = PBXGroup;
			children = (
				04771F4D2BF1D0BB0037466D /* EditProfile.swift */,
			);
			path = EditProfile;
			sourceTree = "<group>";
		};
		047F98DF2BEF1D35006C5844 /* Components */ = {
			isa = PBXGroup;
			children = (
				047F98DD2BEF1D26006C5844 /* ListingImageCarouselView.swift */,
			);
			path = Components;
			sourceTree = "<group>";
		};
/* End PBXGroup section */

/* Begin PBXNativeTarget section */
		042604D62BEB90FD003A20CE /* LocEvent */ = {
			isa = PBXNativeTarget;
			buildConfigurationList = 042604FB2BEB90FF003A20CE /* Build configuration list for PBXNativeTarget "LocEvent" */;
			buildPhases = (
				042604D32BEB90FD003A20CE /* Sources */,
				042604D42BEB90FD003A20CE /* Frameworks */,
				042604D52BEB90FD003A20CE /* Resources */,
			);
			buildRules = (
			);
			dependencies = (
			);
			name = LocEvent;
			productName = LocEvent;
			productReference = 042604D72BEB90FD003A20CE /* LocEvent.app */;
			productType = "com.apple.product-type.application";
		};
		042604E62BEB90FF003A20CE /* LocEventTests */ = {
			isa = PBXNativeTarget;
			buildConfigurationList = 042604FE2BEB90FF003A20CE /* Build configuration list for PBXNativeTarget "LocEventTests" */;
			buildPhases = (
				042604E32BEB90FF003A20CE /* Sources */,
				042604E42BEB90FF003A20CE /* Frameworks */,
				042604E52BEB90FF003A20CE /* Resources */,
			);
			buildRules = (
			);
			dependencies = (
				042604E92BEB90FF003A20CE /* PBXTargetDependency */,
			);
			name = LocEventTests;
			productName = LocEventTests;
			productReference = 042604E72BEB90FF003A20CE /* LocEventTests.xctest */;
			productType = "com.apple.product-type.bundle.unit-test";
		};
		042604F02BEB90FF003A20CE /* LocEventUITests */ = {
			isa = PBXNativeTarget;
			buildConfigurationList = 042605012BEB90FF003A20CE /* Build configuration list for PBXNativeTarget "LocEventUITests" */;
			buildPhases = (
				042604ED2BEB90FF003A20CE /* Sources */,
				042604EE2BEB90FF003A20CE /* Frameworks */,
				042604EF2BEB90FF003A20CE /* Resources */,
			);
			buildRules = (
			);
			dependencies = (
				042604F32BEB90FF003A20CE /* PBXTargetDependency */,
			);
			name = LocEventUITests;
			productName = LocEventUITests;
			productReference = 042604F12BEB90FF003A20CE /* LocEventUITests.xctest */;
			productType = "com.apple.product-type.bundle.ui-testing";
		};
/* End PBXNativeTarget section */

/* Begin PBXProject section */
		042604CF2BEB90FD003A20CE /* Project object */ = {
			isa = PBXProject;
			attributes = {
				BuildIndependentTargetsInParallel = 1;
				LastSwiftUpdateCheck = 1530;
				LastUpgradeCheck = 1530;
				TargetAttributes = {
					042604D62BEB90FD003A20CE = {
						CreatedOnToolsVersion = 15.3;
					};
					042604E62BEB90FF003A20CE = {
						CreatedOnToolsVersion = 15.3;
						TestTargetID = 042604D62BEB90FD003A20CE;
					};
					042604F02BEB90FF003A20CE = {
						CreatedOnToolsVersion = 15.3;
						TestTargetID = 042604D62BEB90FD003A20CE;
					};
				};
			};
			buildConfigurationList = 042604D22BEB90FD003A20CE /* Build configuration list for PBXProject "LocEvent" */;
			compatibilityVersion = "Xcode 14.0";
			developmentRegion = en;
			hasScannedForEncodings = 0;
			knownRegions = (
				en,
				Base,
			);
			mainGroup = 042604CE2BEB90FD003A20CE;
			productRefGroup = 042604D82BEB90FD003A20CE /* Products */;
			projectDirPath = "";
			projectRoot = "";
			targets = (
				042604D62BEB90FD003A20CE /* LocEvent */,
				042604E62BEB90FF003A20CE /* LocEventTests */,
				042604F02BEB90FF003A20CE /* LocEventUITests */,
			);
		};
/* End PBXProject section */

/* Begin PBXResourcesBuildPhase section */
		042604D52BEB90FD003A20CE /* Resources */ = {
			isa = PBXResourcesBuildPhase;
			buildActionMask = 2147483647;
			files = (
				042604E22BEB90FE003A20CE /* Preview Assets.xcassets in Resources */,
				042604DF2BEB90FE003A20CE /* Assets.xcassets in Resources */,
			);
			runOnlyForDeploymentPostprocessing = 0;
		};
		042604E52BEB90FF003A20CE /* Resources */ = {
			isa = PBXResourcesBuildPhase;
			buildActionMask = 2147483647;
			files = (
			);
			runOnlyForDeploymentPostprocessing = 0;
		};
		042604EF2BEB90FF003A20CE /* Resources */ = {
			isa = PBXResourcesBuildPhase;
			buildActionMask = 2147483647;
			files = (
			);
			runOnlyForDeploymentPostprocessing = 0;
		};
/* End PBXResourcesBuildPhase section */

/* Begin PBXSourcesBuildPhase section */
		042604D32BEB90FD003A20CE /* Sources */ = {
			isa = PBXSourcesBuildPhase;
			buildActionMask = 2147483647;
			files = (
				047F98DC2BEF1B5B006C5844 /* ListingDetailView.swift in Sources */,
				047F98DE2BEF1D26006C5844 /* ListingImageCarouselView.swift in Sources */,
				04771F332BF0D2F80037466D /* AboutView.swift in Sources */,
				04771F492BF1AC110037466D /* Profil.swift in Sources */,
				04771F372BF0DCCB0037466D /* WhistlistView.swift in Sources */,
				04771F3F2BF0E94C0037466D /* DeveloperPreview.swift in Sources */,
				04771F412BF1A2CB0037466D /* datePickerView.swift in Sources */,
				042604DD2BEB90FD003A20CE /* ContentView.swift in Sources */,
				042605142BEDA4AE003A20CE /* ListingItemView.swift in Sources */,
				042605122BEB9371003A20CE /* ExploreEvent.swift in Sources */,
				04771F3D2BF0E4D30037466D /* Listing.swift in Sources */,
				04771F4B2BF1BD970037466D /* ProfileOptionRowView.swift in Sources */,
				047F98E12BEF5EDE006C5844 /* DestinationSearchView.swift in Sources */,
				042605162BEE36E7003A20CE /* SearchAndFilterBar.swift in Sources */,
				048391EF2BEF145900D5E77A /* Title.swift in Sources */,
				042604DB2BEB90FD003A20CE /* LocEventApp.swift in Sources */,
				04771F392BF0E03A0037466D /* MainTabView.swift in Sources */,
				04771F4E2BF1D0BB0037466D /* EditProfile.swift in Sources */,
			);
			runOnlyForDeploymentPostprocessing = 0;
		};
		042604E32BEB90FF003A20CE /* Sources */ = {
			isa = PBXSourcesBuildPhase;
			buildActionMask = 2147483647;
			files = (
				042604EC2BEB90FF003A20CE /* LocEventTests.swift in Sources */,
			);
			runOnlyForDeploymentPostprocessing = 0;
		};
		042604ED2BEB90FF003A20CE /* Sources */ = {
			isa = PBXSourcesBuildPhase;
			buildActionMask = 2147483647;
			files = (
				042604F82BEB90FF003A20CE /* LocEventUITestsLaunchTests.swift in Sources */,
				042604F62BEB90FF003A20CE /* LocEventUITests.swift in Sources */,
			);
			runOnlyForDeploymentPostprocessing = 0;
		};
/* End PBXSourcesBuildPhase section */

/* Begin PBXTargetDependency section */
		042604E92BEB90FF003A20CE /* PBXTargetDependency */ = {
			isa = PBXTargetDependency;
			target = 042604D62BEB90FD003A20CE /* LocEvent */;
			targetProxy = 042604E82BEB90FF003A20CE /* PBXContainerItemProxy */;
		};
		042604F32BEB90FF003A20CE /* PBXTargetDependency */ = {
			isa = PBXTargetDependency;
			target = 042604D62BEB90FD003A20CE /* LocEvent */;
			targetProxy = 042604F22BEB90FF003A20CE /* PBXContainerItemProxy */;
		};
/* End PBXTargetDependency section */

/* Begin XCBuildConfiguration section */
		042604F92BEB90FF003A20CE /* Debug */ = {
			isa = XCBuildConfiguration;
			buildSettings = {
				ALWAYS_SEARCH_USER_PATHS = NO;
				ASSETCATALOG_COMPILER_GENERATE_SWIFT_ASSET_SYMBOL_EXTENSIONS = YES;
				CLANG_ANALYZER_NONNULL = YES;
				CLANG_ANALYZER_NUMBER_OBJECT_CONVERSION = YES_AGGRESSIVE;
				CLANG_CXX_LANGUAGE_STANDARD = "gnu++20";
				CLANG_ENABLE_MODULES = YES;
				CLANG_ENABLE_OBJC_ARC = YES;
				CLANG_ENABLE_OBJC_WEAK = YES;
				CLANG_WARN_BLOCK_CAPTURE_AUTORELEASING = YES;
				CLANG_WARN_BOOL_CONVERSION = YES;
				CLANG_WARN_COMMA = YES;
				CLANG_WARN_CONSTANT_CONVERSION = YES;
				CLANG_WARN_DEPRECATED_OBJC_IMPLEMENTATIONS = YES;
				CLANG_WARN_DIRECT_OBJC_ISA_USAGE = YES_ERROR;
				CLANG_WARN_DOCUMENTATION_COMMENTS = YES;
				CLANG_WARN_EMPTY_BODY = YES;
				CLANG_WARN_ENUM_CONVERSION = YES;
				CLANG_WARN_INFINITE_RECURSION = YES;
				CLANG_WARN_INT_CONVERSION = YES;
				CLANG_WARN_NON_LITERAL_NULL_CONVERSION = YES;
				CLANG_WARN_OBJC_IMPLICIT_RETAIN_SELF = YES;
				CLANG_WARN_OBJC_LITERAL_CONVERSION = YES;
				CLANG_WARN_OBJC_ROOT_CLASS = YES_ERROR;
				CLANG_WARN_QUOTED_INCLUDE_IN_FRAMEWORK_HEADER = YES;
				CLANG_WARN_RANGE_LOOP_ANALYSIS = YES;
				CLANG_WARN_STRICT_PROTOTYPES = YES;
				CLANG_WARN_SUSPICIOUS_MOVE = YES;
				CLANG_WARN_UNGUARDED_AVAILABILITY = YES_AGGRESSIVE;
				CLANG_WARN_UNREACHABLE_CODE = YES;
				CLANG_WARN__DUPLICATE_METHOD_MATCH = YES;
				COPY_PHASE_STRIP = NO;
				DEBUG_INFORMATION_FORMAT = dwarf;
				ENABLE_STRICT_OBJC_MSGSEND = YES;
				ENABLE_TESTABILITY = YES;
				ENABLE_USER_SCRIPT_SANDBOXING = YES;
				GCC_C_LANGUAGE_STANDARD = gnu17;
				GCC_DYNAMIC_NO_PIC = NO;
				GCC_NO_COMMON_BLOCKS = YES;
				GCC_OPTIMIZATION_LEVEL = 0;
				GCC_PREPROCESSOR_DEFINITIONS = (
					"DEBUG=1",
					"$(inherited)",
				);
				GCC_WARN_64_TO_32_BIT_CONVERSION = YES;
				GCC_WARN_ABOUT_RETURN_TYPE = YES_ERROR;
				GCC_WARN_UNDECLARED_SELECTOR = YES;
				GCC_WARN_UNINITIALIZED_AUTOS = YES_AGGRESSIVE;
				GCC_WARN_UNUSED_FUNCTION = YES;
				GCC_WARN_UNUSED_VARIABLE = YES;
				IPHONEOS_DEPLOYMENT_TARGET = 17.4;
				LOCALIZATION_PREFERS_STRING_CATALOGS = YES;
				MTL_ENABLE_DEBUG_INFO = INCLUDE_SOURCE;
				MTL_FAST_MATH = YES;
				ONLY_ACTIVE_ARCH = YES;
				SDKROOT = iphoneos;
				SWIFT_ACTIVE_COMPILATION_CONDITIONS = "DEBUG $(inherited)";
				SWIFT_OPTIMIZATION_LEVEL = "-Onone";
			};
			name = Debug;
		};
		042604FA2BEB90FF003A20CE /* Release */ = {
			isa = XCBuildConfiguration;
			buildSettings = {
				ALWAYS_SEARCH_USER_PATHS = NO;
				ASSETCATALOG_COMPILER_GENERATE_SWIFT_ASSET_SYMBOL_EXTENSIONS = YES;
				CLANG_ANALYZER_NONNULL = YES;
				CLANG_ANALYZER_NUMBER_OBJECT_CONVERSION = YES_AGGRESSIVE;
				CLANG_CXX_LANGUAGE_STANDARD = "gnu++20";
				CLANG_ENABLE_MODULES = YES;
				CLANG_ENABLE_OBJC_ARC = YES;
				CLANG_ENABLE_OBJC_WEAK = YES;
				CLANG_WARN_BLOCK_CAPTURE_AUTORELEASING = YES;
				CLANG_WARN_BOOL_CONVERSION = YES;
				CLANG_WARN_COMMA = YES;
				CLANG_WARN_CONSTANT_CONVERSION = YES;
				CLANG_WARN_DEPRECATED_OBJC_IMPLEMENTATIONS = YES;
				CLANG_WARN_DIRECT_OBJC_ISA_USAGE = YES_ERROR;
				CLANG_WARN_DOCUMENTATION_COMMENTS = YES;
				CLANG_WARN_EMPTY_BODY = YES;
				CLANG_WARN_ENUM_CONVERSION = YES;
				CLANG_WARN_INFINITE_RECURSION = YES;
				CLANG_WARN_INT_CONVERSION = YES;
				CLANG_WARN_NON_LITERAL_NULL_CONVERSION = YES;
				CLANG_WARN_OBJC_IMPLICIT_RETAIN_SELF = YES;
				CLANG_WARN_OBJC_LITERAL_CONVERSION = YES;
				CLANG_WARN_OBJC_ROOT_CLASS = YES_ERROR;
				CLANG_WARN_QUOTED_INCLUDE_IN_FRAMEWORK_HEADER = YES;
				CLANG_WARN_RANGE_LOOP_ANALYSIS = YES;
				CLANG_WARN_STRICT_PROTOTYPES = YES;
				CLANG_WARN_SUSPICIOUS_MOVE = YES;
				CLANG_WARN_UNGUARDED_AVAILABILITY = YES_AGGRESSIVE;
				CLANG_WARN_UNREACHABLE_CODE = YES;
				CLANG_WARN__DUPLICATE_METHOD_MATCH = YES;
				COPY_PHASE_STRIP = NO;
				DEBUG_INFORMATION_FORMAT = "dwarf-with-dsym";
				ENABLE_NS_ASSERTIONS = NO;
				ENABLE_STRICT_OBJC_MSGSEND = YES;
				ENABLE_USER_SCRIPT_SANDBOXING = YES;
				GCC_C_LANGUAGE_STANDARD = gnu17;
				GCC_NO_COMMON_BLOCKS = YES;
				GCC_WARN_64_TO_32_BIT_CONVERSION = YES;
				GCC_WARN_ABOUT_RETURN_TYPE = YES_ERROR;
				GCC_WARN_UNDECLARED_SELECTOR = YES;
				GCC_WARN_UNINITIALIZED_AUTOS = YES_AGGRESSIVE;
				GCC_WARN_UNUSED_FUNCTION = YES;
				GCC_WARN_UNUSED_VARIABLE = YES;
				IPHONEOS_DEPLOYMENT_TARGET = 17.4;
				LOCALIZATION_PREFERS_STRING_CATALOGS = YES;
				MTL_ENABLE_DEBUG_INFO = NO;
				MTL_FAST_MATH = YES;
				SDKROOT = iphoneos;
				SWIFT_COMPILATION_MODE = wholemodule;
				VALIDATE_PRODUCT = YES;
			};
			name = Release;
		};
		042604FC2BEB90FF003A20CE /* Debug */ = {
			isa = XCBuildConfiguration;
			buildSettings = {
				ASSETCATALOG_COMPILER_APPICON_NAME = AppIcon;
				ASSETCATALOG_COMPILER_GLOBAL_ACCENT_COLOR_NAME = AccentColor;
				CODE_SIGN_STYLE = Automatic;
				CURRENT_PROJECT_VERSION = 1;
				DEVELOPMENT_ASSET_PATHS = "\"LocEvent/Preview Content\"";
				DEVELOPMENT_TEAM = XF7U5CQHP2;
				ENABLE_PREVIEWS = YES;
				GENERATE_INFOPLIST_FILE = YES;
				INFOPLIST_KEY_UIApplicationSceneManifest_Generation = YES;
				INFOPLIST_KEY_UIApplicationSupportsIndirectInputEvents = YES;
				INFOPLIST_KEY_UILaunchScreen_Generation = YES;
				INFOPLIST_KEY_UISupportedInterfaceOrientations_iPad = "UIInterfaceOrientationPortrait UIInterfaceOrientationPortraitUpsideDown UIInterfaceOrientationLandscapeLeft UIInterfaceOrientationLandscapeRight";
				INFOPLIST_KEY_UISupportedInterfaceOrientations_iPhone = "UIInterfaceOrientationPortrait UIInterfaceOrientationLandscapeLeft UIInterfaceOrientationLandscapeRight";
				LD_RUNPATH_SEARCH_PATHS = (
					"$(inherited)",
					"@executable_path/Frameworks",
				);
				MARKETING_VERSION = 1.0;
				PRODUCT_BUNDLE_IDENTIFIER = "Yohan-Deny.LocEvent";
				PRODUCT_NAME = "$(TARGET_NAME)";
				SWIFT_EMIT_LOC_STRINGS = YES;
				SWIFT_VERSION = 5.0;
				TARGETED_DEVICE_FAMILY = "1,2";
			};
			name = Debug;
		};
		042604FD2BEB90FF003A20CE /* Release */ = {
			isa = XCBuildConfiguration;
			buildSettings = {
				ASSETCATALOG_COMPILER_APPICON_NAME = AppIcon;
				ASSETCATALOG_COMPILER_GLOBAL_ACCENT_COLOR_NAME = AccentColor;
				CODE_SIGN_STYLE = Automatic;
				CURRENT_PROJECT_VERSION = 1;
				DEVELOPMENT_ASSET_PATHS = "\"LocEvent/Preview Content\"";
				DEVELOPMENT_TEAM = XF7U5CQHP2;
				ENABLE_PREVIEWS = YES;
				GENERATE_INFOPLIST_FILE = YES;
				INFOPLIST_KEY_UIApplicationSceneManifest_Generation = YES;
				INFOPLIST_KEY_UIApplicationSupportsIndirectInputEvents = YES;
				INFOPLIST_KEY_UILaunchScreen_Generation = YES;
				INFOPLIST_KEY_UISupportedInterfaceOrientations_iPad = "UIInterfaceOrientationPortrait UIInterfaceOrientationPortraitUpsideDown UIInterfaceOrientationLandscapeLeft UIInterfaceOrientationLandscapeRight";
				INFOPLIST_KEY_UISupportedInterfaceOrientations_iPhone = "UIInterfaceOrientationPortrait UIInterfaceOrientationLandscapeLeft UIInterfaceOrientationLandscapeRight";
				LD_RUNPATH_SEARCH_PATHS = (
					"$(inherited)",
					"@executable_path/Frameworks",
				);
				MARKETING_VERSION = 1.0;
				PRODUCT_BUNDLE_IDENTIFIER = "Yohan-Deny.LocEvent";
				PRODUCT_NAME = "$(TARGET_NAME)";
				SWIFT_EMIT_LOC_STRINGS = YES;
				SWIFT_VERSION = 5.0;
				TARGETED_DEVICE_FAMILY = "1,2";
			};
			name = Release;
		};
		042604FF2BEB90FF003A20CE /* Debug */ = {
			isa = XCBuildConfiguration;
			buildSettings = {
				ALWAYS_EMBED_SWIFT_STANDARD_LIBRARIES = YES;
				BUNDLE_LOADER = "$(TEST_HOST)";
				CODE_SIGN_STYLE = Automatic;
				CURRENT_PROJECT_VERSION = 1;
				DEVELOPMENT_TEAM = XF7U5CQHP2;
				GENERATE_INFOPLIST_FILE = YES;
				IPHONEOS_DEPLOYMENT_TARGET = 17.4;
				MARKETING_VERSION = 1.0;
				PRODUCT_BUNDLE_IDENTIFIER = "Yohan-Deny.LocEventTests";
				PRODUCT_NAME = "$(TARGET_NAME)";
				SWIFT_EMIT_LOC_STRINGS = NO;
				SWIFT_VERSION = 5.0;
				TARGETED_DEVICE_FAMILY = "1,2";
				TEST_HOST = "$(BUILT_PRODUCTS_DIR)/LocEvent.app/$(BUNDLE_EXECUTABLE_FOLDER_PATH)/LocEvent";
			};
			name = Debug;
		};
		042605002BEB90FF003A20CE /* Release */ = {
			isa = XCBuildConfiguration;
			buildSettings = {
				ALWAYS_EMBED_SWIFT_STANDARD_LIBRARIES = YES;
				BUNDLE_LOADER = "$(TEST_HOST)";
				CODE_SIGN_STYLE = Automatic;
				CURRENT_PROJECT_VERSION = 1;
				DEVELOPMENT_TEAM = XF7U5CQHP2;
				GENERATE_INFOPLIST_FILE = YES;
				IPHONEOS_DEPLOYMENT_TARGET = 17.4;
				MARKETING_VERSION = 1.0;
				PRODUCT_BUNDLE_IDENTIFIER = "Yohan-Deny.LocEventTests";
				PRODUCT_NAME = "$(TARGET_NAME)";
				SWIFT_EMIT_LOC_STRINGS = NO;
				SWIFT_VERSION = 5.0;
				TARGETED_DEVICE_FAMILY = "1,2";
				TEST_HOST = "$(BUILT_PRODUCTS_DIR)/LocEvent.app/$(BUNDLE_EXECUTABLE_FOLDER_PATH)/LocEvent";
			};
			name = Release;
		};
		042605022BEB90FF003A20CE /* Debug */ = {
			isa = XCBuildConfiguration;
			buildSettings = {
				ALWAYS_EMBED_SWIFT_STANDARD_LIBRARIES = YES;
				CODE_SIGN_STYLE = Automatic;
				CURRENT_PROJECT_VERSION = 1;
				DEVELOPMENT_TEAM = XF7U5CQHP2;
				GENERATE_INFOPLIST_FILE = YES;
				MARKETING_VERSION = 1.0;
				PRODUCT_BUNDLE_IDENTIFIER = "Yohan-Deny.LocEventUITests";
				PRODUCT_NAME = "$(TARGET_NAME)";
				SWIFT_EMIT_LOC_STRINGS = NO;
				SWIFT_VERSION = 5.0;
				TARGETED_DEVICE_FAMILY = "1,2";
				TEST_TARGET_NAME = LocEvent;
			};
			name = Debug;
		};
		042605032BEB90FF003A20CE /* Release */ = {
			isa = XCBuildConfiguration;
			buildSettings = {
				ALWAYS_EMBED_SWIFT_STANDARD_LIBRARIES = YES;
				CODE_SIGN_STYLE = Automatic;
				CURRENT_PROJECT_VERSION = 1;
				DEVELOPMENT_TEAM = XF7U5CQHP2;
				GENERATE_INFOPLIST_FILE = YES;
				MARKETING_VERSION = 1.0;
				PRODUCT_BUNDLE_IDENTIFIER = "Yohan-Deny.LocEventUITests";
				PRODUCT_NAME = "$(TARGET_NAME)";
				SWIFT_EMIT_LOC_STRINGS = NO;
				SWIFT_VERSION = 5.0;
				TARGETED_DEVICE_FAMILY = "1,2";
				TEST_TARGET_NAME = LocEvent;
			};
			name = Release;
		};
/* End XCBuildConfiguration section */

/* Begin XCConfigurationList section */
		042604D22BEB90FD003A20CE /* Build configuration list for PBXProject "LocEvent" */ = {
			isa = XCConfigurationList;
			buildConfigurations = (
				042604F92BEB90FF003A20CE /* Debug */,
				042604FA2BEB90FF003A20CE /* Release */,
			);
			defaultConfigurationIsVisible = 0;
			defaultConfigurationName = Release;
		};
		042604FB2BEB90FF003A20CE /* Build configuration list for PBXNativeTarget "LocEvent" */ = {
			isa = XCConfigurationList;
			buildConfigurations = (
				042604FC2BEB90FF003A20CE /* Debug */,
				042604FD2BEB90FF003A20CE /* Release */,
			);
			defaultConfigurationIsVisible = 0;
			defaultConfigurationName = Release;
		};
		042604FE2BEB90FF003A20CE /* Build configuration list for PBXNativeTarget "LocEventTests" */ = {
			isa = XCConfigurationList;
			buildConfigurations = (
				042604FF2BEB90FF003A20CE /* Debug */,
				042605002BEB90FF003A20CE /* Release */,
			);
			defaultConfigurationIsVisible = 0;
			defaultConfigurationName = Release;
		};
		042605012BEB90FF003A20CE /* Build configuration list for PBXNativeTarget "LocEventUITests" */ = {
			isa = XCConfigurationList;
			buildConfigurations = (
				042605022BEB90FF003A20CE /* Debug */,
				042605032BEB90FF003A20CE /* Release */,
			);
			defaultConfigurationIsVisible = 0;
			defaultConfigurationName = Release;
		};
/* End XCConfigurationList section */
	};
	rootObject = 042604CF2BEB90FD003A20CE /* Project object */;
}
